
Microsoft Visual Studio Solution File, Format Version 12.00
# Visual Studio Version 16
VisualStudioVersion = 16.0.29503.13
MinimumVisualStudioVersion = 10.0.40219.1
Project("{8BC9CEB8-8B4A-11D0-8D11-00A0C91BC942}") = "masiv s diog", "masiv s diog\masiv s diog.vcxproj", "{903BD3ED-0685-4FC3-B2C4-025E8E653C81}"
EndProject
Global
	GlobalSection(SolutionConfigurationPlatforms) = preSolution
		Debug|x64 = Debug|x64
		Debug|x86 = Debug|x86
		Release|x64 = Release|x64
		Release|x86 = Release|x86
	EndGlobalSection
	GlobalSection(ProjectConfigurationPlatforms) = postSolution
		{903BD3ED-0685-4FC3-B2C4-025E8E653C81}.Debug|x64.ActiveCfg = Debug|x64
		{903BD3ED-0685-4FC3-B2C4-025E8E653C81}.Debug|x64.Build.0 = Debug|x64
		{903BD3ED-0685-4FC3-B2C4-025E8E653C81}.Debug|x86.ActiveCfg = Debug|Win32
		{903BD3ED-0685-4FC3-B2C4-025E8E653C81}.Debug|x86.Build.0 = Debug|Win32
		{903BD3ED-0685-4FC3-B2C4-025E8E653C81}.Release|x64.ActiveCfg = Release|x64
		{903BD3ED-0685-4FC3-B2C4-025E8E653C81}.Release|x64.Build.0 = Release|x64
		{903BD3ED-0685-4FC3-B2C4-025E8E653C81}.Release|x86.ActiveCfg = Release|Win32
		{903BD3ED-0685-4FC3-B2C4-025E8E653C81}.Release|x86.Build.0 = Release|Win32
	EndGlobalSection
	GlobalSection(SolutionProperties) = preSolution
		HideSolutionNode = FALSE
	EndGlobalSection
	GlobalSection(ExtensibilityGlobals) = postSolution
		SolutionGuid = {C45E1764-A976-4EEF-A46D-F5E9A58CA440}
	EndGlobalSection
EndGlobal
